
Microsoft Visual Studio Solution File, Format Version 12.00
# Visual Studio Version 17
VisualStudioVersion = 17.3.32825.248
MinimumVisualStudioVersion = 10.0.40219.1
Project("{FAE04EC0-301F-11D3-BF4B-00C04F79EFBC}") = "ScrollBarProgress", "ScrollBarProgress.csproj", "{354D9B37-EF90-43B6-9FD9-7F485D176BBE}"
EndProject
Global
	GlobalSection(SolutionConfigurationPlatforms) = preSolution
		Debug|Any CPU = Debug|Any CPU
		Release|Any CPU = Release|Any CPU
	EndGlobalSection
	GlobalSection(ProjectConfigurationPlatforms) = postSolution
		{354D9B37-EF90-43B6-9FD9-7F485D176BBE}.Debug|Any CPU.ActiveCfg = Debug|Any CPU
		{354D9B37-EF90-43B6-9FD9-7F485D176BBE}.Debug|Any CPU.Build.0 = Debug|Any CPU
		{354D9B37-EF90-43B6-9FD9-7F485D176BBE}.Release|Any CPU.ActiveCfg = Release|Any CPU
		{354D9B37-EF90-43B6-9FD9-7F485D176BBE}.Release|Any CPU.Build.0 = Release|Any CPU
	EndGlobalSection
	GlobalSection(SolutionProperties) = preSolution
		HideSolutionNode = FALSE
	EndGlobalSection
	GlobalSection(ExtensibilityGlobals) = postSolution
		SolutionGuid = {90AEA0A5-0543-497E-BCA6-34D5F2853668}
	EndGlobalSection
EndGlobal
